<?xml version="1.0" encoding="utf-8"?>
<Project ToolsVersion="17.0" xmlns="http://schemas.microsoft.com/developer/msbuild/2003">
  <ItemGroup>
    <CustomBuild Include="F:\PluginDevelopment\ADSR\build-clap\clap_juce_juce\tools\CMakeFiles\f7c0ddb0750484b6270737098dae3cc8\INSTALL_force.rule">
      <Filter>CMake Rules</Filter>
    </CustomBuild>
  </ItemGroup>
  <ItemGroup>
    <Filter Include="CMake Rules">
      <UniqueIdentifier>{DF28DE2E-27B6-3368-AC1B-5F3ABB80573B}</UniqueIdentifier>
    </Filter>
  </ItemGroup>
</Project>
