
Microsoft Visual Studio Solution File, Format Version 12.00
# Visual Studio Version 17
Project("{2150E333-8FDC-42A3-9474-1A3956D46DE8}") = "CMakePredefinedTargets", "CMakePredefinedTargets", "{BD3AB9C5-622F-3B79-945A-7BB9EA77DDB3}"
EndProject
Project("{8BC9CEB8-8B4A-11D0-8D11-00A0C91BC942}") = "ALL_BUILD", "ALL_BUILD.vcxproj", "{F24468A0-0E15-311F-ABFE-A969898C6AE3}"
	ProjectSection(ProjectDependencies) = postProject
		{ED0A8B0C-89B0-3BBC-8B0F-067E88EEC18F} = {ED0A8B0C-89B0-3BBC-8B0F-067E88EEC18F}
	EndProjectSection
EndProject
Project("{8BC9CEB8-8B4A-11D0-8D11-00A0C91BC942}") = "INSTALL", "INSTALL.vcxproj", "{BBE11615-3273-3673-B00B-B4CA65AF7B4A}"
	ProjectSection(ProjectDependencies) = postProject
		{F24468A0-0E15-311F-ABFE-A969898C6AE3} = {F24468A0-0E15-311F-ABFE-A969898C6AE3}
		{ED0A8B0C-89B0-3BBC-8B0F-067E88EEC18F} = {ED0A8B0C-89B0-3BBC-8B0F-067E88EEC18F}
	EndProjectSection
EndProject
Project("{8BC9CEB8-8B4A-11D0-8D11-00A0C91BC942}") = "ZERO_CHECK", "..\..\\ZERO_CHECK.vcxproj", "{ED0A8B0C-89B0-3BBC-8B0F-067E88EEC18F}"
	ProjectSection(ProjectDependencies) = postProject
	EndProjectSection
EndProject
Project("{8BC9CEB8-8B4A-11D0-8D11-00A0C91BC942}") = "clap-tests", "clap-tests.vcxproj", "{B9632409-78EB-36BF-81F2-956DD0C82250}"
	ProjectSection(ProjectDependencies) = postProject
		{ED0A8B0C-89B0-3BBC-8B0F-067E88EEC18F} = {ED0A8B0C-89B0-3BBC-8B0F-067E88EEC18F}
	EndProjectSection
EndProject
Global
	GlobalSection(SolutionConfigurationPlatforms) = preSolution
		Debug|x64 = Debug|x64
		Release|x64 = Release|x64
		MinSizeRel|x64 = MinSizeRel|x64
		RelWithDebInfo|x64 = RelWithDebInfo|x64
	EndGlobalSection
	GlobalSection(ProjectConfigurationPlatforms) = postSolution
		{F24468A0-0E15-311F-ABFE-A969898C6AE3}.Debug|x64.ActiveCfg = Debug|x64
		{F24468A0-0E15-311F-ABFE-A969898C6AE3}.Debug|x64.Build.0 = Debug|x64
		{F24468A0-0E15-311F-ABFE-A969898C6AE3}.Release|x64.ActiveCfg = Release|x64
		{F24468A0-0E15-311F-ABFE-A969898C6AE3}.Release|x64.Build.0 = Release|x64
		{F24468A0-0E15-311F-ABFE-A969898C6AE3}.MinSizeRel|x64.ActiveCfg = MinSizeRel|x64
		{F24468A0-0E15-311F-ABFE-A969898C6AE3}.MinSizeRel|x64.Build.0 = MinSizeRel|x64
		{F24468A0-0E15-311F-ABFE-A969898C6AE3}.RelWithDebInfo|x64.ActiveCfg = RelWithDebInfo|x64
		{F24468A0-0E15-311F-ABFE-A969898C6AE3}.RelWithDebInfo|x64.Build.0 = RelWithDebInfo|x64
		{BBE11615-3273-3673-B00B-B4CA65AF7B4A}.Debug|x64.ActiveCfg = Debug|x64
		{BBE11615-3273-3673-B00B-B4CA65AF7B4A}.Release|x64.ActiveCfg = Release|x64
		{BBE11615-3273-3673-B00B-B4CA65AF7B4A}.MinSizeRel|x64.ActiveCfg = MinSizeRel|x64
		{BBE11615-3273-3673-B00B-B4CA65AF7B4A}.RelWithDebInfo|x64.ActiveCfg = RelWithDebInfo|x64
		{ED0A8B0C-89B0-3BBC-8B0F-067E88EEC18F}.Debug|x64.ActiveCfg = Debug|x64
		{ED0A8B0C-89B0-3BBC-8B0F-067E88EEC18F}.Debug|x64.Build.0 = Debug|x64
		{ED0A8B0C-89B0-3BBC-8B0F-067E88EEC18F}.Release|x64.ActiveCfg = Release|x64
		{ED0A8B0C-89B0-3BBC-8B0F-067E88EEC18F}.Release|x64.Build.0 = Release|x64
		{ED0A8B0C-89B0-3BBC-8B0F-067E88EEC18F}.MinSizeRel|x64.ActiveCfg = MinSizeRel|x64
		{ED0A8B0C-89B0-3BBC-8B0F-067E88EEC18F}.MinSizeRel|x64.Build.0 = MinSizeRel|x64
		{ED0A8B0C-89B0-3BBC-8B0F-067E88EEC18F}.RelWithDebInfo|x64.ActiveCfg = RelWithDebInfo|x64
		{ED0A8B0C-89B0-3BBC-8B0F-067E88EEC18F}.RelWithDebInfo|x64.Build.0 = RelWithDebInfo|x64
		{B9632409-78EB-36BF-81F2-956DD0C82250}.Debug|x64.ActiveCfg = Debug|x64
		{B9632409-78EB-36BF-81F2-956DD0C82250}.Release|x64.ActiveCfg = Release|x64
		{B9632409-78EB-36BF-81F2-956DD0C82250}.MinSizeRel|x64.ActiveCfg = MinSizeRel|x64
		{B9632409-78EB-36BF-81F2-956DD0C82250}.RelWithDebInfo|x64.ActiveCfg = RelWithDebInfo|x64
	EndGlobalSection
	GlobalSection(NestedProjects) = preSolution
		{F24468A0-0E15-311F-ABFE-A969898C6AE3} = {BD3AB9C5-622F-3B79-945A-7BB9EA77DDB3}
		{BBE11615-3273-3673-B00B-B4CA65AF7B4A} = {BD3AB9C5-622F-3B79-945A-7BB9EA77DDB3}
		{ED0A8B0C-89B0-3BBC-8B0F-067E88EEC18F} = {BD3AB9C5-622F-3B79-945A-7BB9EA77DDB3}
	EndGlobalSection
	GlobalSection(ExtensibilityGlobals) = postSolution
		SolutionGuid = {B884BD7D-BD90-3EB8-B0FC-DFA3CCA9507E}
	EndGlobalSection
	GlobalSection(ExtensibilityAddIns) = postSolution
	EndGlobalSection
EndGlobal
